
Microsoft Visual Studio Solution File, Format Version 12.00
# Visual Studio 15
Project("{FAE04EC0-301F-11D3-BF4B-00C04F79EFBC}") = "RevStackCore.Identity.Jwt", "RevStackCore.Identity.Jwt\RevStackCore.Identity.Jwt.csproj", "{BC3847EB-8382-4AB2-B3D9-F4236F1AC749}"
EndProject
Global
	GlobalSection(SolutionConfigurationPlatforms) = preSolution
		Debug|Any CPU = Debug|Any CPU
		Release|Any CPU = Release|Any CPU
	EndGlobalSection
	GlobalSection(ProjectConfigurationPlatforms) = postSolution
		{BC3847EB-8382-4AB2-B3D9-F4236F1AC749}.Debug|Any CPU.ActiveCfg = Debug|Any CPU
		{BC3847EB-8382-4AB2-B3D9-F4236F1AC749}.Debug|Any CPU.Build.0 = Debug|Any CPU
		{BC3847EB-8382-4AB2-B3D9-F4236F1AC749}.Release|Any CPU.ActiveCfg = Release|Any CPU
		{BC3847EB-8382-4AB2-B3D9-F4236F1AC749}.Release|Any CPU.Build.0 = Release|Any CPU
	EndGlobalSection
EndGlobal
